<?xml version="1.0" encoding="utf-8"?>
<Project ToolsVersion="4.0" xmlns="http://schemas.microsoft.com/developer/msbuild/2003">
  <ItemGroup>
    <Filter Include="Source Files">
      <UniqueIdentifier>{4FC737F1-C7A5-4376-A066-2A32D752A2FF}</UniqueIdentifier>
      <Extensions>cpp;c;cc;cxx;c++;cppm;ixx;def;odl;idl;hpj;bat;asm;asmx</Extensions>
    </Filter>
    <Filter Include="Header Files">
      <UniqueIdentifier>{93995380-89BD-4b04-88EB-625FBE52EBFB}</UniqueIdentifier>
      <Extensions>h;hh;hpp;hxx;h++;hm;inl;inc;ipp;xsd</Extensions>
    </Filter>
    <Filter Include="Resource Files">
      <UniqueIdentifier>{67DA6AB6-F800-4c08-8B7A-83BB121AAD01}</UniqueIdentifier>
      <Extensions>rc;ico;cur;bmp;dlg;rc2;rct;bin;rgs;gif;jpg;jpeg;jpe;resx;tiff;tif;png;wav;mfcribbon-ms</Extensions>
    </Filter>
    <Filter Include="Header Files\Player">
      <UniqueIdentifier>{ef4dd458-6321-413e-a1b0-764ed3721061}</UniqueIdentifier>
    </Filter>
    <Filter Include="Header Files\Cat">
      <UniqueIdentifier>{2f8188d6-3983-4ac1-8428-a6af37370012}</UniqueIdentifier>
    </Filter>
    <Filter Include="Source Files\Cat">
      <UniqueIdentifier>{85cf753c-4f89-4a37-8cb0-2b7f6b40fbc4}</UniqueIdentifier>
    </Filter>
    <Filter Include="Source Files\Player">
      <UniqueIdentifier>{00367eb8-6bd1-4d46-a2f2-91d203a8810e}</UniqueIdentifier>
    </Filter>
  </ItemGroup>
  <ItemGroup>
    <ClCompile Include="src\FlappyBirb.cpp">
      <Filter>Source Files</Filter>
    </ClCompile>
    <ClCompile Include="src\Background.cpp">
      <Filter>Source Files</Filter>
    </ClCompile>
    <ClCompile Include="src\GameManager.cpp">
      <Filter>Source Files</Filter>
    </ClCompile>
    <ClCompile Include="src\Game.cpp">
      <Filter>Source Files</Filter>
    </ClCompile>
    <ClCompile Include="src\Player\Player.cpp">
      <Filter>Source Files\Player</Filter>
    </ClCompile>
    <ClCompile Include="src\Player\PlayerCollider.cpp">
      <Filter>Source Files\Player</Filter>
    </ClCompile>
    <ClCompile Include="src\Cat\Cat.cpp">
      <Filter>Source Files\Cat</Filter>
    </ClCompile>
    <ClCompile Include="src\Cat\CatCouple.cpp">
      <Filter>Source Files\Cat</Filter>
    </ClCompile>
    <ClCompile Include="src\Cat\CatGod.cpp">
      <Filter>Source Files\Cat</Filter>
    </ClCompile>
    <ClCompile Include="src\HUD.cpp">
      <Filter>Source Files</Filter>
    </ClCompile>
  </ItemGroup>
  <ItemGroup>
    <ClInclude Include="src\Background.h">
      <Filter>Header Files</Filter>
    </ClInclude>
    <ClInclude Include="src\GameManager.h">
      <Filter>Header Files</Filter>
    </ClInclude>
    <ClInclude Include="src\Game.h">
      <Filter>Header Files</Filter>
    </ClInclude>
    <ClInclude Include="src\Player\PlayerCollider.h">
      <Filter>Header Files\Player</Filter>
    </ClInclude>
    <ClInclude Include="src\Player\Player.h">
      <Filter>Header Files\Player</Filter>
    </ClInclude>
    <ClInclude Include="src\Cat\CatGod.h">
      <Filter>Header Files\Cat</Filter>
    </ClInclude>
    <ClInclude Include="src\Cat\Cat.h">
      <Filter>Header Files\Cat</Filter>
    </ClInclude>
    <ClInclude Include="src\Cat\CatCouple.h">
      <Filter>Header Files\Cat</Filter>
    </ClInclude>
    <ClInclude Include="src\HUD.h">
      <Filter>Header Files</Filter>
    </ClInclude>
  </ItemGroup>
</Project>